
Microsoft Visual Studio Solution File, Format Version 12.00
# Visual Studio Version 17
VisualStudioVersion = 17.7.34024.191
MinimumVisualStudioVersion = 10.0.40219.1
Project("{FAE04EC0-301F-11D3-BF4B-00C04F79EFBC}") = "Taschenrechner", "Taschenrechner\Taschenrechner.csproj", "{F81D810B-1A12-4740-BB87-D9D39102EEA1}"
EndProject
Project("{FAE04EC0-301F-11D3-BF4B-00C04F79EFBC}") = "Loops", "Loops\Loops.csproj", "{9DCE2C3C-182A-4FBD-B50C-272CFF971C47}"
EndProject
Global
	GlobalSection(SolutionConfigurationPlatforms) = preSolution
		Debug|Any CPU = Debug|Any CPU
		Release|Any CPU = Release|Any CPU
	EndGlobalSection
	GlobalSection(ProjectConfigurationPlatforms) = postSolution
		{F81D810B-1A12-4740-BB87-D9D39102EEA1}.Debug|Any CPU.ActiveCfg = Debug|Any CPU
		{F81D810B-1A12-4740-BB87-D9D39102EEA1}.Debug|Any CPU.Build.0 = Debug|Any CPU
		{F81D810B-1A12-4740-BB87-D9D39102EEA1}.Release|Any CPU.ActiveCfg = Release|Any CPU
		{F81D810B-1A12-4740-BB87-D9D39102EEA1}.Release|Any CPU.Build.0 = Release|Any CPU
		{9DCE2C3C-182A-4FBD-B50C-272CFF971C47}.Debug|Any CPU.ActiveCfg = Debug|Any CPU
		{9DCE2C3C-182A-4FBD-B50C-272CFF971C47}.Debug|Any CPU.Build.0 = Debug|Any CPU
		{9DCE2C3C-182A-4FBD-B50C-272CFF971C47}.Release|Any CPU.ActiveCfg = Release|Any CPU
		{9DCE2C3C-182A-4FBD-B50C-272CFF971C47}.Release|Any CPU.Build.0 = Release|Any CPU
	EndGlobalSection
	GlobalSection(SolutionProperties) = preSolution
		HideSolutionNode = FALSE
	EndGlobalSection
	GlobalSection(ExtensibilityGlobals) = postSolution
		SolutionGuid = {67B9EFFC-7601-44B0-85BC-2C497B8161EE}
	EndGlobalSection
EndGlobal
