
Microsoft Visual Studio Solution File, Format Version 12.00
# Visual Studio Version 17
VisualStudioVersion = 17.7.34024.191
MinimumVisualStudioVersion = 10.0.40219.1
Project("{9A19103F-16F7-4668-BE54-9A1E7A4F7556}") = "Taschenrechner", "Taschenrechner\Taschenrechner.csproj", "{F81D810B-1A12-4740-BB87-D9D39102EEA1}"
EndProject
Project("{9A19103F-16F7-4668-BE54-9A1E7A4F7556}") = "Loops", "Loops\Loops.csproj", "{9DCE2C3C-182A-4FBD-B50C-272CFF971C47}"
EndProject
Project("{9A19103F-16F7-4668-BE54-9A1E7A4F7556}") = "Kontrollstruckturen", "Kontrollstruckturen\Kontrollstruckturen.csproj", "{94392E55-5410-4ADE-99A0-B29901F1ED17}"
EndProject
Project("{9A19103F-16F7-4668-BE54-9A1E7A4F7556}") = "Functions", "Functions\Functions.csproj", "{330EDEFB-BD3A-4F28-A3B4-88A682AF4ACF}"
EndProject
Project("{9A19103F-16F7-4668-BE54-9A1E7A4F7556}") = "VariablenUndDatentypen", "VariablenUndDatentypen\VariablenUndDatentypen.csproj", "{159A2595-96E4-4E4E-97A2-B86F760EF447}"
EndProject
Project("{9A19103F-16F7-4668-BE54-9A1E7A4F7556}") = "Collections", "Collections\Collections.csproj", "{B1037972-E75C-4532-84A9-F136539319D0}"
EndProject
Project("{9A19103F-16F7-4668-BE54-9A1E7A4F7556}") = "ProjektStruktur", "ProjektStruktur\ProjektStruktur.csproj", "{6D1CDDA9-1D04-4742-8CE2-822AF7CCA9D0}"
EndProject
Project("{9A19103F-16F7-4668-BE54-9A1E7A4F7556}") = "dotnet-cli", "dotnet-cli\dotnet-cli.csproj", "{D0B08F51-8A84-443E-90B9-B5174D56A2EF}"
EndProject
Project("{9A19103F-16F7-4668-BE54-9A1E7A4F7556}") = "Algorithms", "Algorithms\Algorithms.csproj", "{2FF1788B-B5E8-403F-B07A-90689A65605F}"
EndProject
Project("{9A19103F-16F7-4668-BE54-9A1E7A4F7556}") = "TestAlgorithms", "TestAlgorithms\TestAlgorithms.csproj", "{4A26282D-2C8B-47DF-84BF-512D9401719E}"
EndProject
Project("{FAE04EC0-301F-11D3-BF4B-00C04F79EFBC}") = "KlasseTaschenrechner", "KlasseTaschenrechner\KlasseTaschenrechner.csproj", "{4FBA6AFB-7AC8-43A9-A10F-99B1A0854AAC}"
EndProject
Global
	GlobalSection(SolutionConfigurationPlatforms) = preSolution
		Debug|Any CPU = Debug|Any CPU
		Release|Any CPU = Release|Any CPU
	EndGlobalSection
	GlobalSection(ProjectConfigurationPlatforms) = postSolution
		{F81D810B-1A12-4740-BB87-D9D39102EEA1}.Debug|Any CPU.ActiveCfg = Debug|Any CPU
		{F81D810B-1A12-4740-BB87-D9D39102EEA1}.Debug|Any CPU.Build.0 = Debug|Any CPU
		{F81D810B-1A12-4740-BB87-D9D39102EEA1}.Release|Any CPU.ActiveCfg = Release|Any CPU
		{F81D810B-1A12-4740-BB87-D9D39102EEA1}.Release|Any CPU.Build.0 = Release|Any CPU
		{9DCE2C3C-182A-4FBD-B50C-272CFF971C47}.Debug|Any CPU.ActiveCfg = Debug|Any CPU
		{9DCE2C3C-182A-4FBD-B50C-272CFF971C47}.Debug|Any CPU.Build.0 = Debug|Any CPU
		{9DCE2C3C-182A-4FBD-B50C-272CFF971C47}.Release|Any CPU.ActiveCfg = Release|Any CPU
		{9DCE2C3C-182A-4FBD-B50C-272CFF971C47}.Release|Any CPU.Build.0 = Release|Any CPU
		{94392E55-5410-4ADE-99A0-B29901F1ED17}.Debug|Any CPU.ActiveCfg = Debug|Any CPU
		{94392E55-5410-4ADE-99A0-B29901F1ED17}.Debug|Any CPU.Build.0 = Debug|Any CPU
		{94392E55-5410-4ADE-99A0-B29901F1ED17}.Release|Any CPU.ActiveCfg = Release|Any CPU
		{94392E55-5410-4ADE-99A0-B29901F1ED17}.Release|Any CPU.Build.0 = Release|Any CPU
		{330EDEFB-BD3A-4F28-A3B4-88A682AF4ACF}.Debug|Any CPU.ActiveCfg = Debug|Any CPU
		{330EDEFB-BD3A-4F28-A3B4-88A682AF4ACF}.Debug|Any CPU.Build.0 = Debug|Any CPU
		{330EDEFB-BD3A-4F28-A3B4-88A682AF4ACF}.Release|Any CPU.ActiveCfg = Release|Any CPU
		{330EDEFB-BD3A-4F28-A3B4-88A682AF4ACF}.Release|Any CPU.Build.0 = Release|Any CPU
		{159A2595-96E4-4E4E-97A2-B86F760EF447}.Debug|Any CPU.ActiveCfg = Debug|Any CPU
		{159A2595-96E4-4E4E-97A2-B86F760EF447}.Debug|Any CPU.Build.0 = Debug|Any CPU
		{159A2595-96E4-4E4E-97A2-B86F760EF447}.Release|Any CPU.ActiveCfg = Release|Any CPU
		{159A2595-96E4-4E4E-97A2-B86F760EF447}.Release|Any CPU.Build.0 = Release|Any CPU
		{B1037972-E75C-4532-84A9-F136539319D0}.Debug|Any CPU.ActiveCfg = Debug|Any CPU
		{B1037972-E75C-4532-84A9-F136539319D0}.Debug|Any CPU.Build.0 = Debug|Any CPU
		{B1037972-E75C-4532-84A9-F136539319D0}.Release|Any CPU.ActiveCfg = Release|Any CPU
		{B1037972-E75C-4532-84A9-F136539319D0}.Release|Any CPU.Build.0 = Release|Any CPU
		{6D1CDDA9-1D04-4742-8CE2-822AF7CCA9D0}.Debug|Any CPU.ActiveCfg = Debug|Any CPU
		{6D1CDDA9-1D04-4742-8CE2-822AF7CCA9D0}.Debug|Any CPU.Build.0 = Debug|Any CPU
		{6D1CDDA9-1D04-4742-8CE2-822AF7CCA9D0}.Release|Any CPU.ActiveCfg = Release|Any CPU
		{6D1CDDA9-1D04-4742-8CE2-822AF7CCA9D0}.Release|Any CPU.Build.0 = Release|Any CPU
		{D0B08F51-8A84-443E-90B9-B5174D56A2EF}.Debug|Any CPU.ActiveCfg = Debug|Any CPU
		{D0B08F51-8A84-443E-90B9-B5174D56A2EF}.Debug|Any CPU.Build.0 = Debug|Any CPU
		{D0B08F51-8A84-443E-90B9-B5174D56A2EF}.Release|Any CPU.ActiveCfg = Release|Any CPU
		{D0B08F51-8A84-443E-90B9-B5174D56A2EF}.Release|Any CPU.Build.0 = Release|Any CPU
		{2FF1788B-B5E8-403F-B07A-90689A65605F}.Debug|Any CPU.ActiveCfg = Debug|Any CPU
		{2FF1788B-B5E8-403F-B07A-90689A65605F}.Debug|Any CPU.Build.0 = Debug|Any CPU
		{2FF1788B-B5E8-403F-B07A-90689A65605F}.Release|Any CPU.ActiveCfg = Release|Any CPU
		{2FF1788B-B5E8-403F-B07A-90689A65605F}.Release|Any CPU.Build.0 = Release|Any CPU
		{4A26282D-2C8B-47DF-84BF-512D9401719E}.Debug|Any CPU.ActiveCfg = Debug|Any CPU
		{4A26282D-2C8B-47DF-84BF-512D9401719E}.Debug|Any CPU.Build.0 = Debug|Any CPU
		{4A26282D-2C8B-47DF-84BF-512D9401719E}.Release|Any CPU.ActiveCfg = Release|Any CPU
		{4A26282D-2C8B-47DF-84BF-512D9401719E}.Release|Any CPU.Build.0 = Release|Any CPU
		{4FBA6AFB-7AC8-43A9-A10F-99B1A0854AAC}.Debug|Any CPU.ActiveCfg = Debug|Any CPU
		{4FBA6AFB-7AC8-43A9-A10F-99B1A0854AAC}.Debug|Any CPU.Build.0 = Debug|Any CPU
		{4FBA6AFB-7AC8-43A9-A10F-99B1A0854AAC}.Release|Any CPU.ActiveCfg = Release|Any CPU
		{4FBA6AFB-7AC8-43A9-A10F-99B1A0854AAC}.Release|Any CPU.Build.0 = Release|Any CPU
	EndGlobalSection
	GlobalSection(SolutionProperties) = preSolution
		HideSolutionNode = FALSE
	EndGlobalSection
	GlobalSection(ExtensibilityGlobals) = postSolution
		SolutionGuid = {67B9EFFC-7601-44B0-85BC-2C497B8161EE}
	EndGlobalSection
EndGlobal
